
Microsoft Visual Studio Solution File, Format Version 12.00
# Visual Studio 2013
VisualStudioVersion = 12.0.31101.0
MinimumVisualStudioVersion = 10.0.40219.1
Project("{54435603-DBB4-11D2-8724-00A0C9A8B90C}") = "FilesAreDigitallySignedCheckInstaller", "FilesAreDigitallySignedCheckInstaller\FilesAreDigitallySignedCheckInstaller.vdproj", "{3B403E1F-3E2F-43AE-8230-1BF8A7787AFB}"
EndProject
Global
	GlobalSection(SolutionConfigurationPlatforms) = preSolution
		Debug|Default = Debug|Default
		Release|Default = Release|Default
	EndGlobalSection
	GlobalSection(ProjectConfigurationPlatforms) = postSolution
		{3B403E1F-3E2F-43AE-8230-1BF8A7787AFB}.Debug|Default.ActiveCfg = Debug
		{3B403E1F-3E2F-43AE-8230-1BF8A7787AFB}.Debug|Default.Build.0 = Debug
		{3B403E1F-3E2F-43AE-8230-1BF8A7787AFB}.Release|Default.ActiveCfg = Release
		{3B403E1F-3E2F-43AE-8230-1BF8A7787AFB}.Release|Default.Build.0 = Release
	EndGlobalSection
	GlobalSection(SolutionProperties) = preSolution
		HideSolutionNode = FALSE
	EndGlobalSection
EndGlobal
